
Microsoft Visual Studio Solution File, Format Version 12.00
# Visual Studio Version 17
VisualStudioVersion = 17.4.33110.190
MinimumVisualStudioVersion = 10.0.40219.1
Project("{FAE04EC0-301F-11D3-BF4B-00C04F79EFBC}") = "OOP which print out details of different types of vehicles", "OOP which print out details of different types of vehicles.csproj", "{C985C554-488D-4F84-9C4D-D9A145FB07CD}"
EndProject
Global
	GlobalSection(SolutionConfigurationPlatforms) = preSolution
		Debug|Any CPU = Debug|Any CPU
		Release|Any CPU = Release|Any CPU
	EndGlobalSection
	GlobalSection(ProjectConfigurationPlatforms) = postSolution
		{C985C554-488D-4F84-9C4D-D9A145FB07CD}.Debug|Any CPU.ActiveCfg = Debug|Any CPU
		{C985C554-488D-4F84-9C4D-D9A145FB07CD}.Debug|Any CPU.Build.0 = Debug|Any CPU
		{C985C554-488D-4F84-9C4D-D9A145FB07CD}.Release|Any CPU.ActiveCfg = Release|Any CPU
		{C985C554-488D-4F84-9C4D-D9A145FB07CD}.Release|Any CPU.Build.0 = Release|Any CPU
	EndGlobalSection
	GlobalSection(SolutionProperties) = preSolution
		HideSolutionNode = FALSE
	EndGlobalSection
	GlobalSection(ExtensibilityGlobals) = postSolution
		SolutionGuid = {053BE089-5B6E-4620-8573-55FECE90F140}
	EndGlobalSection
EndGlobal
